PODS:
  - Flutter (1.0.0)
  - flutterrealm_light (0.0.1):
    - Flutter
    - RealmSwift (= 10.0.0-beta.3)
  - Realm (10.0.0-beta.3):
    - Realm/Headers (= 10.0.0-beta.3)
  - Realm/Headers (10.0.0-beta.3)
  - RealmSwift (10.0.0-beta.3):
    - Realm (= 10.0.0-beta.3)

DEPENDENCIES:
  - Flutter (from `Flutter`)
  - flutterrealm_light (from `.symlinks/plugins/flutterrealm_light/ios`)

SPEC REPOS:
  trunk:
    - Realm
    - RealmSwift

EXTERNAL SOURCES:
  Flutter:
    :path: Flutter
  flutterrealm_light:
    :path: ".symlinks/plugins/flutterrealm_light/ios"

SPEC CHECKSUMS:
  Flutter: 0e3d915762c693b495b44d77113d4970485de6ec
  flutterrealm_light: 054b49d21e9ae75e4c9cf8da5b97af77c356c4c1
  Realm: f563a59a1016ce551fd87e39df79d393bd06e56d
  RealmSwift: 4b79ee6f9b67bf71b8122370e2614892912f7172

PODFILE CHECKSUM: 50a84a99bd9cf8de73e02f1c84e0dafb48b734d4

COCOAPODS: 1.10.0.beta.1
