PODS:
  - Flutter (1.0.0)
  - flutterrealm_light (0.0.1):
    - Flutter
    - RealmSwift (= 10.0.0-rc.1)
  - Realm (10.0.0-rc.1):
    - Realm/Headers (= 10.0.0-rc.1)
  - Realm/Headers (10.0.0-rc.1)
  - RealmSwift (10.0.0-rc.1):
    - Realm (= 10.0.0-rc.1)

DEPENDENCIES:
  - Flutter (from `Flutter`)
  - flutterrealm_light (from `.symlinks/plugins/flutterrealm_light/ios`)

SPEC REPOS:
  trunk:
    - Realm
    - RealmSwift

EXTERNAL SOURCES:
  Flutter:
    :path: Flutter
  flutterrealm_light:
    :path: ".symlinks/plugins/flutterrealm_light/ios"

SPEC CHECKSUMS:
  Flutter: 0e3d915762c693b495b44d77113d4970485de6ec
  flutterrealm_light: bc3e1f0a9727f6063deea55d822e0df095262ad7
  Realm: b8faac708a4b5a9e98667ccd58404fcf60b354b7
  RealmSwift: 7f3831445e6f03dfb9312c4befba0f91fe7ccf3d

PODFILE CHECKSUM: aafe91acc616949ddb318b77800a7f51bffa2a4c

COCOAPODS: 1.10.0.rc.1
